// !$*UTF8*$!
{
	archiveVersion = 1;
	classes = {
	};
	objectVersion = 56;
	objects = {

/* Begin PBXBuildFile section */
		3B01B7F62C02876C0027606B /* ProfileViewModel.swift in Sources */ = {isa = PBXBuildFile; fileRef = 3B01B7F52C02876C0027606B /* ProfileViewModel.swift */; };
		3B01B7F82C03D6020027606B /* NetworkMonitor.swift in Sources */ = {isa = PBXBuildFile; fileRef = 3B01B7F72C03D6020027606B /* NetworkMonitor.swift */; };
		3B01B7FA2C0416160027606B /* requestMic.swift in Sources */ = {isa = PBXBuildFile; fileRef = 3B01B7F92C0416160027606B /* requestMic.swift */; };
		3B33F9B92BE7BD5F008F823E /* ShortRecApp.swift in Sources */ = {isa = PBXBuildFile; fileRef = 3B33F9B82BE7BD5F008F823E /* ShortRecApp.swift */; };
		3B33F9BB2BE7BD5F008F823E /* ContentView.swift in Sources */ = {isa = PBXBuildFile; fileRef = 3B33F9BA2BE7BD5F008F823E /* ContentView.swift */; };
		3B33F9BD2BE7BD61008F823E /* Assets.xcassets in Resources */ = {isa = PBXBuildFile; fileRef = 3B33F9BC2BE7BD61008F823E /* Assets.xcassets */; };
		3B33F9C02BE7BD61008F823E /* Preview Assets.xcassets in Resources */ = {isa = PBXBuildFile; fileRef = 3B33F9BF2BE7BD61008F823E /* Preview Assets.xcassets */; };
		3B33F9C82BE7C057008F823E /* FirebaseAuth in Frameworks */ = {isa = PBXBuildFile; productRef = 3B33F9C72BE7C057008F823E /* FirebaseAuth */; };
		3B33F9CA2BE7C057008F823E /* FirebaseFirestore in Frameworks */ = {isa = PBXBuildFile; productRef = 3B33F9C92BE7C057008F823E /* FirebaseFirestore */; };
		3B33F9CC2BE7C057008F823E /* FirebaseStorage in Frameworks */ = {isa = PBXBuildFile; productRef = 3B33F9CB2BE7C057008F823E /* FirebaseStorage */; };
		3B33F9CE2BE7C1CA008F823E /* FirebaseAnalytics in Frameworks */ = {isa = PBXBuildFile; productRef = 3B33F9CD2BE7C1CA008F823E /* FirebaseAnalytics */; };
		3B33F9D02BE7C1F4008F823E /* GoogleService-Info.plist in Resources */ = {isa = PBXBuildFile; fileRef = 3B33F9CF2BE7C1F3008F823E /* GoogleService-Info.plist */; };
		3B33F9D62BE7C585008F823E /* ProfileView.swift in Sources */ = {isa = PBXBuildFile; fileRef = 3B33F9D52BE7C585008F823E /* ProfileView.swift */; };
		3B33F9D82BE7C591008F823E /* LoginView.swift in Sources */ = {isa = PBXBuildFile; fileRef = 3B33F9D72BE7C591008F823E /* LoginView.swift */; };
		3B33F9DC2BE7C9B6008F823E /* LoginViewModel.swift in Sources */ = {isa = PBXBuildFile; fileRef = 3B33F9DB2BE7C9B6008F823E /* LoginViewModel.swift */; };
		3B33F9DE2BE7CAF6008F823E /* MyButton.swift in Sources */ = {isa = PBXBuildFile; fileRef = 3B33F9DD2BE7CAF6008F823E /* MyButton.swift */; };
		3B33F9E02BE7CD60008F823E /* RegisterViewModel.swift in Sources */ = {isa = PBXBuildFile; fileRef = 3B33F9DF2BE7CD60008F823E /* RegisterViewModel.swift */; };
		3B33F9E22BE7CDB7008F823E /* User.swift in Sources */ = {isa = PBXBuildFile; fileRef = 3B33F9E12BE7CDB6008F823E /* User.swift */; };
		3B33F9E42BE7CE12008F823E /* RegisterView.swift in Sources */ = {isa = PBXBuildFile; fileRef = 3B33F9E32BE7CE12008F823E /* RegisterView.swift */; };
		3B33F9E82BE7D47E008F823E /* ContentViewModel.swift in Sources */ = {isa = PBXBuildFile; fileRef = 3B33F9E72BE7D47E008F823E /* ContentViewModel.swift */; };
		3B33F9EA2BE7D7C5008F823E /* RecordsView.swift in Sources */ = {isa = PBXBuildFile; fileRef = 3B33F9E92BE7D7C5008F823E /* RecordsView.swift */; };
		3B33F9EC2BE7D7DD008F823E /* RecordsViewModel.swift in Sources */ = {isa = PBXBuildFile; fileRef = 3B33F9EB2BE7D7DD008F823E /* RecordsViewModel.swift */; };
		3B33F9EE2BE7FAB3008F823E /* RecordItemView.swift in Sources */ = {isa = PBXBuildFile; fileRef = 3B33F9ED2BE7FAB3008F823E /* RecordItemView.swift */; };
		3B33F9F02BE7FACA008F823E /* RecordItemViewModel.swift in Sources */ = {isa = PBXBuildFile; fileRef = 3B33F9EF2BE7FACA008F823E /* RecordItemViewModel.swift */; };
		3B6900242C00A9C0000D2F81 /* Record.swift in Sources */ = {isa = PBXBuildFile; fileRef = 3B6900232C00A9C0000D2F81 /* Record.swift */; };
		3B6900262C0134C4000D2F81 /* Notificaiton.swift in Sources */ = {isa = PBXBuildFile; fileRef = 3B6900252C0134C4000D2F81 /* Notificaiton.swift */; };
/* End PBXBuildFile section */

/* Begin PBXFileReference section */
		3B01B7F52C02876C0027606B /* ProfileViewModel.swift */ = {isa = PBXFileReference; lastKnownFileType = sourcecode.swift; path = ProfileViewModel.swift; sourceTree = "<group>"; };
		3B01B7F72C03D6020027606B /* NetworkMonitor.swift */ = {isa = PBXFileReference; lastKnownFileType = sourcecode.swift; path = NetworkMonitor.swift; sourceTree = "<group>"; };
		3B01B7F92C0416160027606B /* requestMic.swift */ = {isa = PBXFileReference; lastKnownFileType = sourcecode.swift; path = requestMic.swift; sourceTree = "<group>"; };
		3B33F9B52BE7BD5F008F823E /* ShortRec.app */ = {isa = PBXFileReference; explicitFileType = wrapper.application; includeInIndex = 0; path = ShortRec.app; sourceTree = BUILT_PRODUCTS_DIR; };
		3B33F9B82BE7BD5F008F823E /* ShortRecApp.swift */ = {isa = PBXFileReference; lastKnownFileType = sourcecode.swift; path = ShortRecApp.swift; sourceTree = "<group>"; };
		3B33F9BA2BE7BD5F008F823E /* ContentView.swift */ = {isa = PBXFileReference; lastKnownFileType = sourcecode.swift; path = ContentView.swift; sourceTree = "<group>"; };
		3B33F9BC2BE7BD61008F823E /* Assets.xcassets */ = {isa = PBXFileReference; lastKnownFileType = folder.assetcatalog; path = Assets.xcassets; sourceTree = "<group>"; };
		3B33F9BF2BE7BD61008F823E /* Preview Assets.xcassets */ = {isa = PBXFileReference; lastKnownFileType = folder.assetcatalog; path = "Preview Assets.xcassets"; sourceTree = "<group>"; };
		3B33F9CF2BE7C1F3008F823E /* GoogleService-Info.plist */ = {isa = PBXFileReference; fileEncoding = 4; lastKnownFileType = text.plist.xml; path = "GoogleService-Info.plist"; sourceTree = "<group>"; };
		3B33F9D52BE7C585008F823E /* ProfileView.swift */ = {isa = PBXFileReference; lastKnownFileType = sourcecode.swift; path = ProfileView.swift; sourceTree = "<group>"; };
		3B33F9D72BE7C591008F823E /* LoginView.swift */ = {isa = PBXFileReference; lastKnownFileType = sourcecode.swift; path = LoginView.swift; sourceTree = "<group>"; };
		3B33F9DB2BE7C9B6008F823E /* LoginViewModel.swift */ = {isa = PBXFileReference; lastKnownFileType = sourcecode.swift; path = LoginViewModel.swift; sourceTree = "<group>"; };
		3B33F9DD2BE7CAF6008F823E /* MyButton.swift */ = {isa = PBXFileReference; fileEncoding = 4; lastKnownFileType = sourcecode.swift; path = MyButton.swift; sourceTree = "<group>"; };
		3B33F9DF2BE7CD60008F823E /* RegisterViewModel.swift */ = {isa = PBXFileReference; fileEncoding = 4; lastKnownFileType = sourcecode.swift; path = RegisterViewModel.swift; sourceTree = "<group>"; };
		3B33F9E12BE7CDB6008F823E /* User.swift */ = {isa = PBXFileReference; lastKnownFileType = sourcecode.swift; path = User.swift; sourceTree = "<group>"; };
		3B33F9E32BE7CE12008F823E /* RegisterView.swift */ = {isa = PBXFileReference; fileEncoding = 4; lastKnownFileType = sourcecode.swift; name = RegisterView.swift; path = ../../../ToDoListApp2/ToDoListApp/ToDoListApp/Views/RegisterView.swift; sourceTree = "<group>"; };
		3B33F9E72BE7D47E008F823E /* ContentViewModel.swift */ = {isa = PBXFileReference; lastKnownFileType = sourcecode.swift; path = ContentViewModel.swift; sourceTree = "<group>"; };
		3B33F9E92BE7D7C5008F823E /* RecordsView.swift */ = {isa = PBXFileReference; lastKnownFileType = sourcecode.swift; path = RecordsView.swift; sourceTree = "<group>"; };
		3B33F9EB2BE7D7DD008F823E /* RecordsViewModel.swift */ = {isa = PBXFileReference; lastKnownFileType = sourcecode.swift; path = RecordsViewModel.swift; sourceTree = "<group>"; };
		3B33F9ED2BE7FAB3008F823E /* RecordItemView.swift */ = {isa = PBXFileReference; lastKnownFileType = sourcecode.swift; path = RecordItemView.swift; sourceTree = "<group>"; };
		3B33F9EF2BE7FACA008F823E /* RecordItemViewModel.swift */ = {isa = PBXFileReference; lastKnownFileType = sourcecode.swift; path = RecordItemViewModel.swift; sourceTree = "<group>"; };
		3B6900232C00A9C0000D2F81 /* Record.swift */ = {isa = PBXFileReference; lastKnownFileType = sourcecode.swift; path = Record.swift; sourceTree = "<group>"; };
		3B6900252C0134C4000D2F81 /* Notificaiton.swift */ = {isa = PBXFileReference; lastKnownFileType = sourcecode.swift; path = Notificaiton.swift; sourceTree = "<group>"; };
/* End PBXFileReference section */

/* Begin PBXFrameworksBuildPhase section */
		3B33F9B22BE7BD5F008F823E /* Frameworks */ = {
			isa = PBXFrameworksBuildPhase;
			buildActionMask = 2147483647;
			files = (
				3B33F9C82BE7C057008F823E /* FirebaseAuth in Frameworks */,
				3B33F9CA2BE7C057008F823E /* FirebaseFirestore in Frameworks */,
				3B33F9CE2BE7C1CA008F823E /* FirebaseAnalytics in Frameworks */,
				3B33F9CC2BE7C057008F823E /* FirebaseStorage in Frameworks */,
			);
			runOnlyForDeploymentPostprocessing = 0;
		};
/* End PBXFrameworksBuildPhase section */

/* Begin PBXGroup section */
		3B33F9AC2BE7BD5F008F823E = {
			isa = PBXGroup;
			children = (
				3B33F9B72BE7BD5F008F823E /* ShortRec */,
				3B33F9B62BE7BD5F008F823E /* Products */,
			);
			sourceTree = "<group>";
		};
		3B33F9B62BE7BD5F008F823E /* Products */ = {
			isa = PBXGroup;
			children = (
				3B33F9B52BE7BD5F008F823E /* ShortRec.app */,
			);
			name = Products;
			sourceTree = "<group>";
		};
		3B33F9B72BE7BD5F008F823E /* ShortRec */ = {
			isa = PBXGroup;
			children = (
				3B33F9D42BE7C2E1008F823E /* Other */,
				3B33F9D32BE7C2DC008F823E /* Views */,
				3B33F9D22BE7C2D5008F823E /* ViewModels */,
				3B33F9D12BE7C2CA008F823E /* Models */,
				3B33F9BE2BE7BD61008F823E /* Preview Content */,
			);
			path = ShortRec;
			sourceTree = "<group>";
		};
		3B33F9BE2BE7BD61008F823E /* Preview Content */ = {
			isa = PBXGroup;
			children = (
				3B33F9BF2BE7BD61008F823E /* Preview Assets.xcassets */,
			);
			path = "Preview Content";
			sourceTree = "<group>";
		};
		3B33F9D12BE7C2CA008F823E /* Models */ = {
			isa = PBXGroup;
			children = (
				3B33F9E12BE7CDB6008F823E /* User.swift */,
				3B6900232C00A9C0000D2F81 /* Record.swift */,
			);
			path = Models;
			sourceTree = "<group>";
		};
		3B33F9D22BE7C2D5008F823E /* ViewModels */ = {
			isa = PBXGroup;
			children = (
				3B33F9DF2BE7CD60008F823E /* RegisterViewModel.swift */,
				3B33F9DB2BE7C9B6008F823E /* LoginViewModel.swift */,
				3B33F9E72BE7D47E008F823E /* ContentViewModel.swift */,
				3B33F9EB2BE7D7DD008F823E /* RecordsViewModel.swift */,
				3B33F9EF2BE7FACA008F823E /* RecordItemViewModel.swift */,
				3B01B7F52C02876C0027606B /* ProfileViewModel.swift */,
			);
			path = ViewModels;
			sourceTree = "<group>";
		};
		3B33F9D32BE7C2DC008F823E /* Views */ = {
			isa = PBXGroup;
			children = (
				3B33F9DD2BE7CAF6008F823E /* MyButton.swift */,
				3B33F9BA2BE7BD5F008F823E /* ContentView.swift */,
				3B33F9D52BE7C585008F823E /* ProfileView.swift */,
				3B33F9D72BE7C591008F823E /* LoginView.swift */,
				3B33F9E32BE7CE12008F823E /* RegisterView.swift */,
				3B33F9E92BE7D7C5008F823E /* RecordsView.swift */,
				3B33F9ED2BE7FAB3008F823E /* RecordItemView.swift */,
			);
			path = Views;
			sourceTree = "<group>";
		};
		3B33F9D42BE7C2E1008F823E /* Other */ = {
			isa = PBXGroup;
			children = (
				3B33F9B82BE7BD5F008F823E /* ShortRecApp.swift */,
				3B33F9BC2BE7BD61008F823E /* Assets.xcassets */,
				3B33F9CF2BE7C1F3008F823E /* GoogleService-Info.plist */,
				3B6900252C0134C4000D2F81 /* Notificaiton.swift */,
				3B01B7F72C03D6020027606B /* NetworkMonitor.swift */,
				3B01B7F92C0416160027606B /* requestMic.swift */,
			);
			path = Other;
			sourceTree = "<group>";
		};
/* End PBXGroup section */

/* Begin PBXNativeTarget section */
		3B33F9B42BE7BD5F008F823E /* ShortRec */ = {
			isa = PBXNativeTarget;
			buildConfigurationList = 3B33F9C32BE7BD61008F823E /* Build configuration list for PBXNativeTarget "ShortRec" */;
			buildPhases = (
				3B33F9B12BE7BD5F008F823E /* Sources */,
				3B33F9B22BE7BD5F008F823E /* Frameworks */,
				3B33F9B32BE7BD5F008F823E /* Resources */,
			);
			buildRules = (
			);
			dependencies = (
			);
			name = ShortRec;
			packageProductDependencies = (
				3B33F9C72BE7C057008F823E /* FirebaseAuth */,
				3B33F9C92BE7C057008F823E /* FirebaseFirestore */,
				3B33F9CB2BE7C057008F823E /* FirebaseStorage */,
				3B33F9CD2BE7C1CA008F823E /* FirebaseAnalytics */,
			);
			productName = ShortRec;
			productReference = 3B33F9B52BE7BD5F008F823E /* ShortRec.app */;
			productType = "com.apple.product-type.application";
		};
/* End PBXNativeTarget section */

/* Begin PBXProject section */
		3B33F9AD2BE7BD5F008F823E /* Project object */ = {
			isa = PBXProject;
			attributes = {
				BuildIndependentTargetsInParallel = 1;
				LastSwiftUpdateCheck = 1530;
				LastUpgradeCheck = 1530;
				TargetAttributes = {
					3B33F9B42BE7BD5F008F823E = {
						CreatedOnToolsVersion = 15.3;
					};
				};
			};
			buildConfigurationList = 3B33F9B02BE7BD5F008F823E /* Build configuration list for PBXProject "ShortRec" */;
			compatibilityVersion = "Xcode 14.0";
			developmentRegion = en;
			hasScannedForEncodings = 0;
			knownRegions = (
				en,
				Base,
			);
			mainGroup = 3B33F9AC2BE7BD5F008F823E;
			packageReferences = (
				3B33F9C62BE7C057008F823E /* XCRemoteSwiftPackageReference "firebase-ios-sdk" */,
			);
			productRefGroup = 3B33F9B62BE7BD5F008F823E /* Products */;
			projectDirPath = "";
			projectRoot = "";
			targets = (
				3B33F9B42BE7BD5F008F823E /* ShortRec */,
			);
		};
/* End PBXProject section */

/* Begin PBXResourcesBuildPhase section */
		3B33F9B32BE7BD5F008F823E /* Resources */ = {
			isa = PBXResourcesBuildPhase;
			buildActionMask = 2147483647;
			files = (
				3B33F9C02BE7BD61008F823E /* Preview Assets.xcassets in Resources */,
				3B33F9BD2BE7BD61008F823E /* Assets.xcassets in Resources */,
				3B33F9D02BE7C1F4008F823E /* GoogleService-Info.plist in Resources */,
			);
			runOnlyForDeploymentPostprocessing = 0;
		};
/* End PBXResourcesBuildPhase section */

/* Begin PBXSourcesBuildPhase section */
		3B33F9B12BE7BD5F008F823E /* Sources */ = {
			isa = PBXSourcesBuildPhase;
			buildActionMask = 2147483647;
			files = (
				3B33F9BB2BE7BD5F008F823E /* ContentView.swift in Sources */,
				3B33F9EA2BE7D7C5008F823E /* RecordsView.swift in Sources */,
				3B6900242C00A9C0000D2F81 /* Record.swift in Sources */,
				3B33F9E42BE7CE12008F823E /* RegisterView.swift in Sources */,
				3B01B7FA2C0416160027606B /* requestMic.swift in Sources */,
				3B6900262C0134C4000D2F81 /* Notificaiton.swift in Sources */,
				3B33F9EC2BE7D7DD008F823E /* RecordsViewModel.swift in Sources */,
				3B33F9F02BE7FACA008F823E /* RecordItemViewModel.swift in Sources */,
				3B01B7F82C03D6020027606B /* NetworkMonitor.swift in Sources */,
				3B33F9DE2BE7CAF6008F823E /* MyButton.swift in Sources */,
				3B33F9E02BE7CD60008F823E /* RegisterViewModel.swift in Sources */,
				3B33F9EE2BE7FAB3008F823E /* RecordItemView.swift in Sources */,
				3B33F9E82BE7D47E008F823E /* ContentViewModel.swift in Sources */,
				3B33F9DC2BE7C9B6008F823E /* LoginViewModel.swift in Sources */,
				3B33F9E22BE7CDB7008F823E /* User.swift in Sources */,
				3B01B7F62C02876C0027606B /* ProfileViewModel.swift in Sources */,
				3B33F9D62BE7C585008F823E /* ProfileView.swift in Sources */,
				3B33F9D82BE7C591008F823E /* LoginView.swift in Sources */,
				3B33F9B92BE7BD5F008F823E /* ShortRecApp.swift in Sources */,
			);
			runOnlyForDeploymentPostprocessing = 0;
		};
/* End PBXSourcesBuildPhase section */

/* Begin XCBuildConfiguration section */
		3B33F9C12BE7BD61008F823E /* Debug */ = {
			isa = XCBuildConfiguration;
			buildSettings = {
				ALWAYS_SEARCH_USER_PATHS = NO;
				ASSETCATALOG_COMPILER_GENERATE_SWIFT_ASSET_SYMBOL_EXTENSIONS = YES;
				CLANG_ANALYZER_NONNULL = YES;
				CLANG_ANALYZER_NUMBER_OBJECT_CONVERSION = YES_AGGRESSIVE;
				CLANG_CXX_LANGUAGE_STANDARD = "gnu++20";
				CLANG_ENABLE_MODULES = YES;
				CLANG_ENABLE_OBJC_ARC = YES;
				CLANG_ENABLE_OBJC_WEAK = YES;
				CLANG_WARN_BLOCK_CAPTURE_AUTORELEASING = YES;
				CLANG_WARN_BOOL_CONVERSION = YES;
				CLANG_WARN_COMMA = YES;
				CLANG_WARN_CONSTANT_CONVERSION = YES;
				CLANG_WARN_DEPRECATED_OBJC_IMPLEMENTATIONS = YES;
				CLANG_WARN_DIRECT_OBJC_ISA_USAGE = YES_ERROR;
				CLANG_WARN_DOCUMENTATION_COMMENTS = YES;
				CLANG_WARN_EMPTY_BODY = YES;
				CLANG_WARN_ENUM_CONVERSION = YES;
				CLANG_WARN_INFINITE_RECURSION = YES;
				CLANG_WARN_INT_CONVERSION = YES;
				CLANG_WARN_NON_LITERAL_NULL_CONVERSION = YES;
				CLANG_WARN_OBJC_IMPLICIT_RETAIN_SELF = YES;
				CLANG_WARN_OBJC_LITERAL_CONVERSION = YES;
				CLANG_WARN_OBJC_ROOT_CLASS = YES_ERROR;
				CLANG_WARN_QUOTED_INCLUDE_IN_FRAMEWORK_HEADER = YES;
				CLANG_WARN_RANGE_LOOP_ANALYSIS = YES;
				CLANG_WARN_STRICT_PROTOTYPES = YES;
				CLANG_WARN_SUSPICIOUS_MOVE = YES;
				CLANG_WARN_UNGUARDED_AVAILABILITY = YES_AGGRESSIVE;
				CLANG_WARN_UNREACHABLE_CODE = YES;
				CLANG_WARN__DUPLICATE_METHOD_MATCH = YES;
				COPY_PHASE_STRIP = NO;
				DEBUG_INFORMATION_FORMAT = dwarf;
				ENABLE_STRICT_OBJC_MSGSEND = YES;
				ENABLE_TESTABILITY = YES;
				ENABLE_USER_SCRIPT_SANDBOXING = YES;
				GCC_C_LANGUAGE_STANDARD = gnu17;
				GCC_DYNAMIC_NO_PIC = NO;
				GCC_NO_COMMON_BLOCKS = YES;
				GCC_OPTIMIZATION_LEVEL = 0;
				GCC_PREPROCESSOR_DEFINITIONS = (
					"DEBUG=1",
					"$(inherited)",
				);
				GCC_WARN_64_TO_32_BIT_CONVERSION = YES;
				GCC_WARN_ABOUT_RETURN_TYPE = YES_ERROR;
				GCC_WARN_UNDECLARED_SELECTOR = YES;
				GCC_WARN_UNINITIALIZED_AUTOS = YES_AGGRESSIVE;
				GCC_WARN_UNUSED_FUNCTION = YES;
				GCC_WARN_UNUSED_VARIABLE = YES;
				IPHONEOS_DEPLOYMENT_TARGET = 17.4;
				LOCALIZATION_PREFERS_STRING_CATALOGS = YES;
				MTL_ENABLE_DEBUG_INFO = INCLUDE_SOURCE;
				MTL_FAST_MATH = YES;
				ONLY_ACTIVE_ARCH = YES;
				SDKROOT = iphoneos;
				SWIFT_ACTIVE_COMPILATION_CONDITIONS = "DEBUG $(inherited)";
				SWIFT_OPTIMIZATION_LEVEL = "-Onone";
			};
			name = Debug;
		};
		3B33F9C22BE7BD61008F823E /* Release */ = {
			isa = XCBuildConfiguration;
			buildSettings = {
				ALWAYS_SEARCH_USER_PATHS = NO;
				ASSETCATALOG_COMPILER_GENERATE_SWIFT_ASSET_SYMBOL_EXTENSIONS = YES;
				CLANG_ANALYZER_NONNULL = YES;
				CLANG_ANALYZER_NUMBER_OBJECT_CONVERSION = YES_AGGRESSIVE;
				CLANG_CXX_LANGUAGE_STANDARD = "gnu++20";
				CLANG_ENABLE_MODULES = YES;
				CLANG_ENABLE_OBJC_ARC = YES;
				CLANG_ENABLE_OBJC_WEAK = YES;
				CLANG_WARN_BLOCK_CAPTURE_AUTORELEASING = YES;
				CLANG_WARN_BOOL_CONVERSION = YES;
				CLANG_WARN_COMMA = YES;
				CLANG_WARN_CONSTANT_CONVERSION = YES;
				CLANG_WARN_DEPRECATED_OBJC_IMPLEMENTATIONS = YES;
				CLANG_WARN_DIRECT_OBJC_ISA_USAGE = YES_ERROR;
				CLANG_WARN_DOCUMENTATION_COMMENTS = YES;
				CLANG_WARN_EMPTY_BODY = YES;
				CLANG_WARN_ENUM_CONVERSION = YES;
				CLANG_WARN_INFINITE_RECURSION = YES;
				CLANG_WARN_INT_CONVERSION = YES;
				CLANG_WARN_NON_LITERAL_NULL_CONVERSION = YES;
				CLANG_WARN_OBJC_IMPLICIT_RETAIN_SELF = YES;
				CLANG_WARN_OBJC_LITERAL_CONVERSION = YES;
				CLANG_WARN_OBJC_ROOT_CLASS = YES_ERROR;
				CLANG_WARN_QUOTED_INCLUDE_IN_FRAMEWORK_HEADER = YES;
				CLANG_WARN_RANGE_LOOP_ANALYSIS = YES;
				CLANG_WARN_STRICT_PROTOTYPES = YES;
				CLANG_WARN_SUSPICIOUS_MOVE = YES;
				CLANG_WARN_UNGUARDED_AVAILABILITY = YES_AGGRESSIVE;
				CLANG_WARN_UNREACHABLE_CODE = YES;
				CLANG_WARN__DUPLICATE_METHOD_MATCH = YES;
				COPY_PHASE_STRIP = NO;
				DEBUG_INFORMATION_FORMAT = "dwarf-with-dsym";
				ENABLE_NS_ASSERTIONS = NO;
				ENABLE_STRICT_OBJC_MSGSEND = YES;
				ENABLE_USER_SCRIPT_SANDBOXING = YES;
				GCC_C_LANGUAGE_STANDARD = gnu17;
				GCC_NO_COMMON_BLOCKS = YES;
				GCC_WARN_64_TO_32_BIT_CONVERSION = YES;
				GCC_WARN_ABOUT_RETURN_TYPE = YES_ERROR;
				GCC_WARN_UNDECLARED_SELECTOR = YES;
				GCC_WARN_UNINITIALIZED_AUTOS = YES_AGGRESSIVE;
				GCC_WARN_UNUSED_FUNCTION = YES;
				GCC_WARN_UNUSED_VARIABLE = YES;
				IPHONEOS_DEPLOYMENT_TARGET = 17.4;
				LOCALIZATION_PREFERS_STRING_CATALOGS = YES;
				MTL_ENABLE_DEBUG_INFO = NO;
				MTL_FAST_MATH = YES;
				SDKROOT = iphoneos;
				SWIFT_COMPILATION_MODE = wholemodule;
				VALIDATE_PRODUCT = YES;
			};
			name = Release;
		};
		3B33F9C42BE7BD61008F823E /* Debug */ = {
			isa = XCBuildConfiguration;
			buildSettings = {
				ASSETCATALOG_COMPILER_APPICON_NAME = AppIcon;
				ASSETCATALOG_COMPILER_GLOBAL_ACCENT_COLOR_NAME = AccentColor;
				CODE_SIGN_STYLE = Automatic;
				CURRENT_PROJECT_VERSION = 1;
				DEVELOPMENT_ASSET_PATHS = "\"ShortRec/Preview Content\"";
				DEVELOPMENT_TEAM = XK9CDR4866;
				ENABLE_PREVIEWS = YES;
				GENERATE_INFOPLIST_FILE = YES;
				INFOPLIST_KEY_CFBundleDisplayName = ShortRec;
				INFOPLIST_KEY_NSMicrophoneUsageDescription = "We need access to the microphone to record audio.";
				INFOPLIST_KEY_UIApplicationSceneManifest_Generation = YES;
				INFOPLIST_KEY_UIApplicationSupportsIndirectInputEvents = YES;
				INFOPLIST_KEY_UILaunchScreen_Generation = YES;
				INFOPLIST_KEY_UISupportedInterfaceOrientations = UIInterfaceOrientationPortrait;
				LD_RUNPATH_SEARCH_PATHS = (
					"$(inherited)",
					"@executable_path/Frameworks",
				);
				MARKETING_VERSION = 1.0;
				PRODUCT_BUNDLE_IDENTIFIER = vital.ShortRec;
				PRODUCT_NAME = "$(TARGET_NAME)";
				SWIFT_EMIT_LOC_STRINGS = YES;
				SWIFT_VERSION = 5.0;
				TARGETED_DEVICE_FAMILY = "1,2";
			};
			name = Debug;
		};
		3B33F9C52BE7BD61008F823E /* Release */ = {
			isa = XCBuildConfiguration;
			buildSettings = {
				ASSETCATALOG_COMPILER_APPICON_NAME = AppIcon;
				ASSETCATALOG_COMPILER_GLOBAL_ACCENT_COLOR_NAME = AccentColor;
				CODE_SIGN_STYLE = Automatic;
				CURRENT_PROJECT_VERSION = 1;
				DEVELOPMENT_ASSET_PATHS = "\"ShortRec/Preview Content\"";
				DEVELOPMENT_TEAM = XK9CDR4866;
				ENABLE_PREVIEWS = YES;
				GENERATE_INFOPLIST_FILE = YES;
				INFOPLIST_KEY_CFBundleDisplayName = ShortRec;
				INFOPLIST_KEY_NSMicrophoneUsageDescription = "We need access to the microphone to record audio.";
				INFOPLIST_KEY_UIApplicationSceneManifest_Generation = YES;
				INFOPLIST_KEY_UIApplicationSupportsIndirectInputEvents = YES;
				INFOPLIST_KEY_UILaunchScreen_Generation = YES;
				INFOPLIST_KEY_UISupportedInterfaceOrientations = UIInterfaceOrientationPortrait;
				LD_RUNPATH_SEARCH_PATHS = (
					"$(inherited)",
					"@executable_path/Frameworks",
				);
				MARKETING_VERSION = 1.0;
				PRODUCT_BUNDLE_IDENTIFIER = vital.ShortRec;
				PRODUCT_NAME = "$(TARGET_NAME)";
				SWIFT_EMIT_LOC_STRINGS = YES;
				SWIFT_VERSION = 5.0;
				TARGETED_DEVICE_FAMILY = "1,2";
			};
			name = Release;
		};
/* End XCBuildConfiguration section */

/* Begin XCConfigurationList section */
		3B33F9B02BE7BD5F008F823E /* Build configuration list for PBXProject "ShortRec" */ = {
			isa = XCConfigurationList;
			buildConfigurations = (
				3B33F9C12BE7BD61008F823E /* Debug */,
				3B33F9C22BE7BD61008F823E /* Release */,
			);
			defaultConfigurationIsVisible = 0;
			defaultConfigurationName = Release;
		};
		3B33F9C32BE7BD61008F823E /* Build configuration list for PBXNativeTarget "ShortRec" */ = {
			isa = XCConfigurationList;
			buildConfigurations = (
				3B33F9C42BE7BD61008F823E /* Debug */,
				3B33F9C52BE7BD61008F823E /* Release */,
			);
			defaultConfigurationIsVisible = 0;
			defaultConfigurationName = Release;
		};
/* End XCConfigurationList section */

/* Begin XCRemoteSwiftPackageReference section */
		3B33F9C62BE7C057008F823E /* XCRemoteSwiftPackageReference "firebase-ios-sdk" */ = {
			isa = XCRemoteSwiftPackageReference;
			repositoryURL = "https://github.com/firebase/firebase-ios-sdk";
			requirement = {
				kind = upToNextMajorVersion;
				minimumVersion = 10.25.0;
			};
		};
/* End XCRemoteSwiftPackageReference section */

/* Begin XCSwiftPackageProductDependency section */
		3B33F9C72BE7C057008F823E /* FirebaseAuth */ = {
			isa = XCSwiftPackageProductDependency;
			package = 3B33F9C62BE7C057008F823E /* XCRemoteSwiftPackageReference "firebase-ios-sdk" */;
			productName = FirebaseAuth;
		};
		3B33F9C92BE7C057008F823E /* FirebaseFirestore */ = {
			isa = XCSwiftPackageProductDependency;
			package = 3B33F9C62BE7C057008F823E /* XCRemoteSwiftPackageReference "firebase-ios-sdk" */;
			productName = FirebaseFirestore;
		};
		3B33F9CB2BE7C057008F823E /* FirebaseStorage */ = {
			isa = XCSwiftPackageProductDependency;
			package = 3B33F9C62BE7C057008F823E /* XCRemoteSwiftPackageReference "firebase-ios-sdk" */;
			productName = FirebaseStorage;
		};
		3B33F9CD2BE7C1CA008F823E /* FirebaseAnalytics */ = {
			isa = XCSwiftPackageProductDependency;
			package = 3B33F9C62BE7C057008F823E /* XCRemoteSwiftPackageReference "firebase-ios-sdk" */;
			productName = FirebaseAnalytics;
		};
/* End XCSwiftPackageProductDependency section */
	};
	rootObject = 3B33F9AD2BE7BD5F008F823E /* Project object */;
}
